
Microsoft Visual Studio Solution File, Format Version 12.00
# Visual Studio Version 16
VisualStudioVersion = 16.0.32929.386
MinimumVisualStudioVersion = 10.0.40219.1
Project("{FAE04EC0-301F-11D3-BF4B-00C04F79EFBC}") = "ProyectoPoeClinica", "ProyectoPoeClinica\ProyectoPoeClinica.csproj", "{2E6DE1AE-8DD8-437D-A7AE-D9C44A0DDADE}"
EndProject
Global
	GlobalSection(SolutionConfigurationPlatforms) = preSolution
		Debug|Any CPU = Debug|Any CPU
		Release|Any CPU = Release|Any CPU
	EndGlobalSection
	GlobalSection(ProjectConfigurationPlatforms) = postSolution
		{2E6DE1AE-8DD8-437D-A7AE-D9C44A0DDADE}.Debug|Any CPU.ActiveCfg = Debug|Any CPU
		{2E6DE1AE-8DD8-437D-A7AE-D9C44A0DDADE}.Debug|Any CPU.Build.0 = Debug|Any CPU
		{2E6DE1AE-8DD8-437D-A7AE-D9C44A0DDADE}.Release|Any CPU.ActiveCfg = Release|Any CPU
		{2E6DE1AE-8DD8-437D-A7AE-D9C44A0DDADE}.Release|Any CPU.Build.0 = Release|Any CPU
	EndGlobalSection
	GlobalSection(SolutionProperties) = preSolution
		HideSolutionNode = FALSE
	EndGlobalSection
	GlobalSection(ExtensibilityGlobals) = postSolution
		SolutionGuid = {6260344F-D5A3-45C2-86E4-7F3105055FD7}
	EndGlobalSection
EndGlobal
